
Microsoft Visual Studio Solution File, Format Version 12.00
# Visual Studio Version 16
VisualStudioVersion = 16.0.30611.23
MinimumVisualStudioVersion = 10.0.40219.1
Project("{FAE04EC0-301F-11D3-BF4B-00C04F79EFBC}") = "BookShopManagement", "BookShopManagement\BookShopManagement.csproj", "{69F36EE3-5B3A-4549-A82A-27D67EBBF3B1}"
EndProject
Project("{2150E333-8FDC-42A3-9474-1A3956D46DE8}") = "Solution Items", "Solution Items", "{DD41A850-4481-4DF5-A54A-E3348017A996}"
	ProjectSection(SolutionItems) = preProject
		.editorconfig = .editorconfig
	EndProjectSection
EndProject
Global
	GlobalSection(SolutionConfigurationPlatforms) = preSolution
		Debug|Any CPU = Debug|Any CPU
		Release|Any CPU = Release|Any CPU
	EndGlobalSection
	GlobalSection(ProjectConfigurationPlatforms) = postSolution
		{69F36EE3-5B3A-4549-A82A-27D67EBBF3B1}.Debug|Any CPU.ActiveCfg = Debug|Any CPU
		{69F36EE3-5B3A-4549-A82A-27D67EBBF3B1}.Debug|Any CPU.Build.0 = Debug|Any CPU
		{69F36EE3-5B3A-4549-A82A-27D67EBBF3B1}.Release|Any CPU.ActiveCfg = Release|Any CPU
		{69F36EE3-5B3A-4549-A82A-27D67EBBF3B1}.Release|Any CPU.Build.0 = Release|Any CPU
	EndGlobalSection
	GlobalSection(SolutionProperties) = preSolution
		HideSolutionNode = FALSE
	EndGlobalSection
	GlobalSection(ExtensibilityGlobals) = postSolution
		SolutionGuid = {7ED0BCE7-AA71-4185-A67F-938A513973DB}
	EndGlobalSection
EndGlobal
